PODS:
  - CDAlertView (0.11.0)
  - Eureka (5.3.2)

DEPENDENCIES:
  - CDAlertView
  - Eureka

SPEC REPOS:
  trunk:
    - CDAlertView
    - Eureka

SPEC CHECKSUMS:
  CDAlertView: cd6624e857c85ad14560e2cd23d7eb25b983b590
  Eureka: 1c2b8b5892bfb0e972d0fe05f8c09fd89f8625ec

PODFILE CHECKSUM: 0bb97d41de06535e2b40867e2c5ffefb6da787c3

COCOAPODS: 1.10.0
